
Microsoft Visual Studio Solution File, Format Version 12.00
# Visual Studio 14
VisualStudioVersion = 14.0.25420.1
MinimumVisualStudioVersion = 10.0.40219.1
Project("{2150E333-8FDC-42A3-9474-1A3956D46DE8}") = "src", "src", "{7C046873-29CC-49F8-B593-22D95F09075A}"
EndProject
Project("{2150E333-8FDC-42A3-9474-1A3956D46DE8}") = "Solution Items", "Solution Items", "{62441CA5-B478-49D2-A7B1-1F4506AD7189}"
	ProjectSection(SolutionItems) = preProject
		global.json = global.json
	EndProjectSection
EndProject
Project("{8BB2217D-0F2D-49D1-97BC-3654ED321F3B}") = "Exz.ActionFilters", "src\Exz.ActionFilters\Exz.ActionFilters.xproj", "{32908CB7-0285-41AC-BA36-44D92C528BEC}"
EndProject
Global
	GlobalSection(SolutionConfigurationPlatforms) = preSolution
		Debug|Any CPU = Debug|Any CPU
		Release|Any CPU = Release|Any CPU
	EndGlobalSection
	GlobalSection(ProjectConfigurationPlatforms) = postSolution
		{32908CB7-0285-41AC-BA36-44D92C528BEC}.Debug|Any CPU.ActiveCfg = Debug|Any CPU
		{32908CB7-0285-41AC-BA36-44D92C528BEC}.Debug|Any CPU.Build.0 = Debug|Any CPU
		{32908CB7-0285-41AC-BA36-44D92C528BEC}.Release|Any CPU.ActiveCfg = Release|Any CPU
		{32908CB7-0285-41AC-BA36-44D92C528BEC}.Release|Any CPU.Build.0 = Release|Any CPU
	EndGlobalSection
	GlobalSection(SolutionProperties) = preSolution
		HideSolutionNode = FALSE
	EndGlobalSection
	GlobalSection(NestedProjects) = preSolution
		{32908CB7-0285-41AC-BA36-44D92C528BEC} = {7C046873-29CC-49F8-B593-22D95F09075A}
	EndGlobalSection
EndGlobal
